
Microsoft Visual Studio Solution File, Format Version 12.00
# Visual Studio Version 17
VisualStudioVersion = 17.11.35327.3
MinimumVisualStudioVersion = 10.0.40219.1
Project("{9A19103F-16F7-4668-BE54-9A1E7A4F7556}") = "SQLServerToDBML", "SQLServerToDBML.csproj", "{DD28AABD-3A85-453F-88FE-D59757939A2B}"
EndProject
Global
	GlobalSection(SolutionConfigurationPlatforms) = preSolution
		Debug|Any CPU = Debug|Any CPU
		Release|Any CPU = Release|Any CPU
	EndGlobalSection
	GlobalSection(ProjectConfigurationPlatforms) = postSolution
		{DD28AABD-3A85-453F-88FE-D59757939A2B}.Debug|Any CPU.ActiveCfg = Debug|Any CPU
		{DD28AABD-3A85-453F-88FE-D59757939A2B}.Debug|Any CPU.Build.0 = Debug|Any CPU
		{DD28AABD-3A85-453F-88FE-D59757939A2B}.Release|Any CPU.ActiveCfg = Release|Any CPU
		{DD28AABD-3A85-453F-88FE-D59757939A2B}.Release|Any CPU.Build.0 = Release|Any CPU
	EndGlobalSection
	GlobalSection(SolutionProperties) = preSolution
		HideSolutionNode = FALSE
	EndGlobalSection
	GlobalSection(ExtensibilityGlobals) = postSolution
		SolutionGuid = {665ADDCD-EACA-4D64-9ED8-995BDBBC8811}
	EndGlobalSection
EndGlobal
